[[package]]
category = "main"
description = "http client/server for asyncio"
name = "aiohttp"
optional = false
python-versions = "*"
version = "1.0.5"

[package.dependencies]
async-timeout = "*"
chardet = "*"
multidict = ">=2.0"

[[package]]
category = "main"
description = "Timeout context manager for asyncio programs"
name = "async-timeout"
optional = false
python-versions = ">=3.5.3"
version = "3.0.1"

[[package]]
category = "dev"
description = "Atomic file writes."
name = "atomicwrites"
optional = false
python-versions = ">=2.7, !=3.0.*, !=3.1.*, !=3.2.*, !=3.3.*"
version = "1.3.0"

[[package]]
category = "dev"
description = "Classes Without Boilerplate"
name = "attrs"
optional = false
python-versions = ">=2.7, !=3.0.*, !=3.1.*, !=3.2.*, !=3.3.*"
version = "19.3.0"

[package.extras]
azure-pipelines = ["coverage", "hypothesis", "pympler", "pytest (>=4.3.0)", "six", "zope.interface", "pytest-azurepipelines"]
dev = ["coverage", "hypothesis", "pympler", "pytest (>=4.3.0)", "six", "zope.interface", "sphinx", "pre-commit"]
docs = ["sphinx", "zope.interface"]
tests = ["coverage", "hypothesis", "pympler", "pytest (>=4.3.0)", "six", "zope.interface"]

[[package]]
category = "main"
description = "Python package for providing Mozilla's CA Bundle."
name = "certifi"
optional = false
python-versions = "*"
version = "2020.4.5.1"

[[package]]
category = "main"
description = "Universal encoding detector for Python 2 and 3"
name = "chardet"
optional = false
python-versions = "*"
version = "3.0.4"

[[package]]
category = "dev"
description = "Cross-platform colored terminal text."
marker = "sys_platform == \"win32\" and python_version != \"3.4\""
name = "colorama"
optional = false
python-versions = ">=2.7, !=3.0.*, !=3.1.*, !=3.2.*, !=3.3.*, !=3.4.*"
version = "0.4.3"

[[package]]
category = "main"
description = "A python wrapper for the Discord API"
name = "discord.py"
optional = false
python-versions = "*"
version = "0.16.12"

[package.dependencies]
aiohttp = ">=1.0.0,<1.1.0"
websockets = ">=3.1,<4.0"

[package.extras]
voice = ["PyNaCl (1.0.1)"]

[[package]]
category = "main"
description = "Use Database URLs in your Django Application."
name = "dj-database-url"
optional = false
python-versions = "*"
version = "0.5.0"

[[package]]
category = "main"
description = "A high-level Python Web framework that encourages rapid development and clean, pragmatic design."
name = "django"
optional = false
python-versions = ">=3.5"
version = "2.2.13"

[package.dependencies]
pytz = "*"
sqlparse = "*"

[package.extras]
argon2 = ["argon2-cffi (>=16.1.0)"]
bcrypt = ["bcrypt"]

[[package]]
category = "main"
description = "SASS processor to compile SCSS files into *.css, while rendering, or offline."
name = "django-sass-processor"
optional = false
python-versions = "*"
version = "0.7.5"

[package.extras]
dev = ["libsass (>=0.13)"]

[[package]]
category = "main"
description = "WSGI HTTP Server for UNIX"
name = "gunicorn"
optional = false
python-versions = ">=2.6, !=3.0.*, !=3.1.*"
version = "19.10.0"

[package.extras]
eventlet = ["eventlet (>=0.9.7)"]
gevent = ["gevent (>=0.13)"]
tornado = ["tornado (>=0.2)"]

[[package]]
category = "main"
description = "Internationalized Domain Names in Applications (IDNA)"
name = "idna"
optional = false
python-versions = ">=2.7, !=3.0.*, !=3.1.*, !=3.2.*, !=3.3.*"
version = "2.9"

[[package]]
category = "dev"
description = "Read metadata from Python packages"
marker = "python_version < \"3.8\""
name = "importlib-metadata"
optional = false
python-versions = "!=3.0.*,!=3.1.*,!=3.2.*,!=3.3.*,!=3.4.*,>=2.7"
version = "1.6.0"

[package.dependencies]
zipp = ">=0.5"

[package.extras]
docs = ["sphinx", "rst.linker"]
testing = ["packaging", "importlib-resources"]

[[package]]
category = "main"
description = "Sass for Python: A straightforward binding of libsass for Python."
name = "libsass"
optional = false
python-versions = "*"
version = "0.17.0"

[package.dependencies]
six = "*"

[package.extras]
upload_appveyor_builds = ["twine (1.11.0)"]

[[package]]
category = "main"
description = "A fast, extensible Markdown parser in pure Python."
name = "mistletoe"
optional = false
python-versions = "~=3.3"
version = "0.7.2"

[[package]]
category = "dev"
description = "More routines for operating on iterables, beyond itertools"
marker = "python_version > \"2.7\""
name = "more-itertools"
optional = false
python-versions = ">=3.5"
version = "8.2.0"

[[package]]
category = "main"
description = "multidict implementation"
name = "multidict"
optional = false
python-versions = ">=3.5"
version = "4.7.5"

[[package]]
category = "dev"
description = "Core utilities for Python packages"
name = "packaging"
optional = false
python-versions = ">=2.7, !=3.0.*, !=3.1.*, !=3.2.*, !=3.3.*"
version = "20.3"

[package.dependencies]
pyparsing = ">=2.0.2"
six = "*"

[[package]]
category = "dev"
description = "plugin and hook calling mechanisms for python"
name = "pluggy"
optional = false
python-versions = ">=2.7, !=3.0.*, !=3.1.*, !=3.2.*, !=3.3.*"
version = "0.13.1"

[package.dependencies]
[package.dependencies.importlib-metadata]
python = "<3.8"
version = ">=0.12"

[package.extras]
dev = ["pre-commit", "tox"]

[[package]]
category = "main"
description = "psycopg2 - Python-PostgreSQL Database Adapter"
name = "psycopg2-binary"
optional = false
python-versions = ">=2.7,!=3.0.*,!=3.1.*,!=3.2.*,!=3.3.*"
version = "2.8.4"

[[package]]
category = "dev"
description = "library with cross-python path, ini-parsing, io, code, log facilities"
name = "py"
optional = false
python-versions = ">=2.7, !=3.0.*, !=3.1.*, !=3.2.*, !=3.3.*"
version = "1.8.1"

[[package]]
category = "dev"
description = "Python parsing module"
name = "pyparsing"
optional = false
python-versions = ">=2.6, !=3.0.*, !=3.1.*, !=3.2.*"
version = "2.4.7"

[[package]]
category = "dev"
description = "pytest: simple powerful testing with Python"
name = "pytest"
optional = false
python-versions = "!=3.0.*,!=3.1.*,!=3.2.*,!=3.3.*,>=2.7"
version = "4.6.9"

[package.dependencies]
atomicwrites = ">=1.0"
attrs = ">=17.4.0"
packaging = "*"
pluggy = ">=0.12,<1.0"
py = ">=1.5.0"
six = ">=1.10.0"
wcwidth = "*"

[package.dependencies.colorama]
python = "<3.4.0 || >=3.5.0"
version = "*"

[package.dependencies.importlib-metadata]
python = "<3.8"
version = ">=0.12"

[package.dependencies.more-itertools]
python = ">=2.8"
version = ">=4.0.0"

[package.extras]
testing = ["argcomplete", "hypothesis (>=3.56)", "nose", "requests", "mock"]

[[package]]
category = "main"
description = "World timezone definitions, modern and historical"
name = "pytz"
optional = false
python-versions = "*"
version = "2019.3"

[[package]]
category = "main"
description = "Python HTTP for Humans."
name = "requests"
optional = false
python-versions = ">=2.7, !=3.0.*, !=3.1.*, !=3.2.*, !=3.3.*, !=3.4.*"
version = "2.23.0"

[package.dependencies]
certifi = ">=2017.4.17"
chardet = ">=3.0.2,<4"
idna = ">=2.5,<3"
urllib3 = ">=1.21.1,<1.25.0 || >1.25.0,<1.25.1 || >1.25.1,<1.26"

[package.extras]
security = ["pyOpenSSL (>=0.14)", "cryptography (>=1.3.4)"]
socks = ["PySocks (>=1.5.6,<1.5.7 || >1.5.7)", "win-inet-pton"]

[[package]]
category = "main"
description = "Awesome Django authorization, without the database"
name = "rules"
optional = false
python-versions = "*"
version = "2.2"

[[package]]
category = "main"
description = "Python 2 and 3 compatibility utilities"
name = "six"
optional = false
python-versions = ">=2.7, !=3.0.*, !=3.1.*, !=3.2.*"
version = "1.14.0"

[[package]]
category = "main"
description = "Non-validating SQL parser"
name = "sqlparse"
optional = false
python-versions = ">=2.7, !=3.0.*, !=3.1.*, !=3.2.*, !=3.3.*"
version = "0.3.1"

[[package]]
category = "main"
description = "HTTP library with thread-safe connection pooling, file post, and more."
name = "urllib3"
optional = false
python-versions = ">=2.7, !=3.0.*, !=3.1.*, !=3.2.*, !=3.3.*, !=3.4.*, <4"
version = "1.25.8"

[package.extras]
brotli = ["brotlipy (>=0.6.0)"]
secure = ["pyOpenSSL (>=0.14)", "cryptography (>=1.3.4)", "idna (>=2.0.0)", "certifi", "ipaddress"]
socks = ["PySocks (>=1.5.6,<1.5.7 || >1.5.7,<2.0)"]

[[package]]
category = "dev"
description = "Measures number of Terminal column cells of wide-character codes"
name = "wcwidth"
optional = false
python-versions = "*"
version = "0.1.9"

[[package]]
category = "main"
description = "An implementation of the WebSocket Protocol (RFC 6455)"
name = "websockets"
optional = false
python-versions = "*"
version = "3.4"

[[package]]
category = "dev"
description = "Backport of pathlib-compatible object wrapper for zip files"
marker = "python_version < \"3.8\""
name = "zipp"
optional = false
python-versions = ">=3.6"
version = "3.1.0"

[package.extras]
docs = ["sphinx", "jaraco.packaging (>=3.2)", "rst.linker (>=1.9)"]
testing = ["jaraco.itertools", "func-timeout"]

[metadata]
content-hash = "63e5149ee4b26e4197e923444891aa354e249df603ad2f5cf7842c4d35d680ce"
python-versions = "^3.6"

[metadata.files]
aiohttp = [
    {file = "aiohttp-1.0.5-cp34-cp34m-manylinux1_i686.whl", hash = "sha256:81a6aaace2b9e8a87531277a5d5f998efbd3554c15bf47173834386966d1bbe1"},
    {file = "aiohttp-1.0.5-cp34-cp34m-manylinux1_x86_64.whl", hash = "sha256:ad374a5d7be1de271ecd0fb0ef87c0f8dd9fb062e6fae350fa6c098360018978"},
    {file = "aiohttp-1.0.5-cp34-cp34m-win32.whl", hash = "sha256:3ac6fa105355928e2fc02e876d0d72d6230557d4637017ebf09aec7611124155"},
    {file = "aiohttp-1.0.5-cp34-cp34m-win_amd64.whl", hash = "sha256:3a253332a0d8f82549e65035ebe7199580c3ea0e47071b7428f25b109b3c0310"},
    {file = "aiohttp-1.0.5-cp35-cp35m-manylinux1_i686.whl", hash = "sha256:e1985766a4c83fcbdf7dde06544231fc9fb3de8929788179e623d6f9f9f321d2"},
    {file = "aiohttp-1.0.5-cp35-cp35m-manylinux1_x86_64.whl", hash = "sha256:714c62532ca6be90be4b54002743e7ea277ec78b45f04ae86cdc6f45a8400abd"},
    {file = "aiohttp-1.0.5-cp35-cp35m-win32.whl", hash = "sha256:c579ec606f25b3f756f177fee6db344f8d7ef75cfc0603a94c9fa1d1c645789d"},
    {file = "aiohttp-1.0.5-cp35-cp35m-win_amd64.whl", hash = "sha256:3bfcb76553d7f6296d1a598162d5fb890198f98c021540cbbb85bb604ff198db"},
    {file = "aiohttp-1.0.5.tar.gz", hash = "sha256:c3e1897726f97d40e067e8b658b2dbdfe216f32b801c5c589212e1b1f9aa8388"},
]
async-timeout = [
    {file = "async-timeout-3.0.1.tar.gz", hash = "sha256:0c3c816a028d47f659d6ff5c745cb2acf1f966da1fe5c19c77a70282b25f4c5f"},
    {file = "async_timeout-3.0.1-py3-none-any.whl", hash = "sha256:4291ca197d287d274d0b6cb5d6f8f8f82d434ed288f962539ff18cc9012f9ea3"},
]
atomicwrites = [
    {file = "atomicwrites-1.3.0-py2.py3-none-any.whl", hash = "sha256:03472c30eb2c5d1ba9227e4c2ca66ab8287fbfbbda3888aa93dc2e28fc6811b4"},
    {file = "atomicwrites-1.3.0.tar.gz", hash = "sha256:75a9445bac02d8d058d5e1fe689654ba5a6556a1dfd8ce6ec55a0ed79866cfa6"},
]
attrs = [
    {file = "attrs-19.3.0-py2.py3-none-any.whl", hash = "sha256:08a96c641c3a74e44eb59afb61a24f2cb9f4d7188748e76ba4bb5edfa3cb7d1c"},
    {file = "attrs-19.3.0.tar.gz", hash = "sha256:f7b7ce16570fe9965acd6d30101a28f62fb4a7f9e926b3bbc9b61f8b04247e72"},
]
certifi = [
    {file = "certifi-2020.4.5.1-py2.py3-none-any.whl", hash = "sha256:1d987a998c75633c40847cc966fcf5904906c920a7f17ef374f5aa4282abd304"},
    {file = "certifi-2020.4.5.1.tar.gz", hash = "sha256:51fcb31174be6e6664c5f69e3e1691a2d72a1a12e90f872cbdb1567eb47b6519"},
]
chardet = [
    {file = "chardet-3.0.4-py2.py3-none-any.whl", hash = "sha256:fc323ffcaeaed0e0a02bf4d117757b98aed530d9ed4531e3e15460124c106691"},
    {file = "chardet-3.0.4.tar.gz", hash = "sha256:84ab92ed1c4d4f16916e05906b6b75a6c0fb5db821cc65e70cbd64a3e2a5eaae"},
]
colorama = [
    {file = "colorama-0.4.3-py2.py3-none-any.whl", hash = "sha256:7d73d2a99753107a36ac6b455ee49046802e59d9d076ef8e47b61499fa29afff"},
    {file = "colorama-0.4.3.tar.gz", hash = "sha256:e96da0d330793e2cb9485e9ddfd918d456036c7149416295932478192f4436a1"},
]
"discord.py" = [
    {file = "discord.py-0.16.12.tar.gz", hash = "sha256:17fb8814100fbaf7a79468baa432184db6cef3bbea4ad194fe297c7407d50108"},
]
dj-database-url = [
    {file = "dj-database-url-0.5.0.tar.gz", hash = "sha256:4aeaeb1f573c74835b0686a2b46b85990571159ffc21aa57ecd4d1e1cb334163"},
    {file = "dj_database_url-0.5.0-py2.py3-none-any.whl", hash = "sha256:851785365761ebe4994a921b433062309eb882fedd318e1b0fcecc607ed02da9"},
]
django = [
    {file = "Django-2.2.13-py3-none-any.whl", hash = "sha256:e8fe3c2b2212dce6126becab7a693157f1a441a07b62ec994c046c76af5bb66d"},
    {file = "Django-2.2.13.tar.gz", hash = "sha256:84f370f6acedbe1f3c41e1a02de44ac206efda3355e427139ecb785b5f596d80"},
]
django-sass-processor = [
    {file = "django-sass-processor-0.7.5.tar.gz", hash = "sha256:9267e5fcc7fcde2ec0c7d6ad045b4c6c7e9aea92498ed1725312035a5469b410"},
]
gunicorn = [
    {file = "gunicorn-19.10.0-py2.py3-none-any.whl", hash = "sha256:c3930fe8de6778ab5ea716cab432ae6335fa9f03b3f2c3e02529214c476f4bcb"},
    {file = "gunicorn-19.10.0.tar.gz", hash = "sha256:f9de24e358b841567063629cd0a656b26792a41e23a24d0dcb40224fc3940081"},
]
idna = [
    {file = "idna-2.9-py2.py3-none-any.whl", hash = "sha256:a068a21ceac8a4d63dbfd964670474107f541babbd2250d61922f029858365fa"},
    {file = "idna-2.9.tar.gz", hash = "sha256:7588d1c14ae4c77d74036e8c22ff447b26d0fde8f007354fd48a7814db15b7cb"},
]
importlib-metadata = [
    {file = "importlib_metadata-1.6.0-py2.py3-none-any.whl", hash = "sha256:2a688cbaa90e0cc587f1df48bdc97a6eadccdcd9c35fb3f976a09e3b5016d90f"},
    {file = "importlib_metadata-1.6.0.tar.gz", hash = "sha256:34513a8a0c4962bc66d35b359558fd8a5e10cd472d37aec5f66858addef32c1e"},
]
libsass = [
    {file = "libsass-0.17.0-cp27-cp27m-macosx_10_14_intel.whl", hash = "sha256:bf6b7ad08f287695338f050c80f79d258a405e5c349cdaeb9be5d5376c09e37a"},
    {file = "libsass-0.17.0-cp27-cp27m-win32.whl", hash = "sha256:411833c623288138744865d882f5226f6db52afce1e19f42722c416df9d308dc"},
    {file = "libsass-0.17.0-cp27-cp27m-win_amd64.whl", hash = "sha256:66e3062ff508c81928e35c66702f0cc4f70fb12eb76ba23eeb0ff87a6340cc13"},
    {file = "libsass-0.17.0-cp27-cp27mu-manylinux1_x86_64.whl", hash = "sha256:0da943e00e028211cb4bb91496a20becab9fe82407bb75266ec4212af04acb45"},
    {file = "libsass-0.17.0-cp35-cp35m-manylinux1_x86_64.whl", hash = "sha256:b3e4abf50ad3a6bec25acd0c67495301cab6137aa79b8640364276f7f3712586"},
    {file = "libsass-0.17.0-cp35-cp35m-win32.whl", hash = "sha256:75605a97f4b2f47fafc5a372f09efec210c7f33908c6de726362f85489fd53aa"},
    {file = "libsass-0.17.0-cp35-cp35m-win_amd64.whl", hash = "sha256:7c7a531b8cd786c35170e97338be2e73a74806f95539366a8ee837df94b8a8cf"},
    {file = "libsass-0.17.0-cp36-cp36m-macosx_10_14_x86_64.whl", hash = "sha256:a19041e78d5bb7c5d72e010e893c29119693628b6ee06025503ab2584cf24edd"},
    {file = "libsass-0.17.0-cp36-cp36m-manylinux1_x86_64.whl", hash = "sha256:107591ba2c0d173bb1705bef0e9fd04a5b6f482f3584f4ea51b28ab8b137fbb2"},
    {file = "libsass-0.17.0-cp36-cp36m-win32.whl", hash = "sha256:4bf7a80a956da9de9715436b85343a179da4ff399a6e9a1694e70bff93d43099"},
    {file = "libsass-0.17.0-cp36-cp36m-win_amd64.whl", hash = "sha256:55b77204cfa363142ab02c49ee871321a396b8e51f6361ebc226c3953c780541"},
    {file = "libsass-0.17.0-cp37-cp37m-macosx_10_14_x86_64.whl", hash = "sha256:1aeadc155594af23879e27792667dc06e7f248c2c599c40ff2a7335193abdf05"},
    {file = "libsass-0.17.0-cp37-cp37m-manylinux1_x86_64.whl", hash = "sha256:53be1c6cea9458fc0b59fafff5307d63cbde4d6f8a4413fb52ae467566273357"},
    {file = "libsass-0.17.0-cp37-cp37m-win32.whl", hash = "sha256:747e1cb3624b25ce9104315cf98b080246c5112d008cba6536a7dd2edb16fcc2"},
    {file = "libsass-0.17.0-cp37-cp37m-win_amd64.whl", hash = "sha256:fcbc861a001ffd68c4df00164b41c6152d5451185d06c654ac240d811be9f7e2"},
    {file = "libsass-0.17.0.tar.gz", hash = "sha256:953ebe810f09d81b84ccafdca0fb6171d1b58c8f0147cb650184a41e124e296f"},
]
mistletoe = [
    {file = "mistletoe-0.7.2-py3-none-any.whl", hash = "sha256:3e2d31b2fa6231ea2ee46981274ebac8d5e5736e3aad2d1cd449e2c053b7023b"},
    {file = "mistletoe-0.7.2.tar.gz", hash = "sha256:24d0f18cc5f0381c2cfb8a24ef3de83eb9f7929cb7d0e71ecb164b671d86e6a3"},
]
more-itertools = [
    {file = "more-itertools-8.2.0.tar.gz", hash = "sha256:b1ddb932186d8a6ac451e1d95844b382f55e12686d51ca0c68b6f61f2ab7a507"},
    {file = "more_itertools-8.2.0-py3-none-any.whl", hash = "sha256:5dd8bcf33e5f9513ffa06d5ad33d78f31e1931ac9a18f33d37e77a180d393a7c"},
]
multidict = [
    {file = "multidict-4.7.5-cp35-cp35m-macosx_10_13_x86_64.whl", hash = "sha256:fc3b4adc2ee8474cb3cd2a155305d5f8eda0a9c91320f83e55748e1fcb68f8e3"},
    {file = "multidict-4.7.5-cp35-cp35m-manylinux1_x86_64.whl", hash = "sha256:42f56542166040b4474c0c608ed051732033cd821126493cf25b6c276df7dd35"},
    {file = "multidict-4.7.5-cp35-cp35m-win32.whl", hash = "sha256:7774e9f6c9af3f12f296131453f7b81dabb7ebdb948483362f5afcaac8a826f1"},
    {file = "multidict-4.7.5-cp35-cp35m-win_amd64.whl", hash = "sha256:c2c37185fb0af79d5c117b8d2764f4321eeb12ba8c141a95d0aa8c2c1d0a11dd"},
    {file = "multidict-4.7.5-cp36-cp36m-macosx_10_13_x86_64.whl", hash = "sha256:e439c9a10a95cb32abd708bb8be83b2134fa93790a4fb0535ca36db3dda94d20"},
    {file = "multidict-4.7.5-cp36-cp36m-manylinux1_x86_64.whl", hash = "sha256:85cb26c38c96f76b7ff38b86c9d560dea10cf3459bb5f4caf72fc1bb932c7136"},
    {file = "multidict-4.7.5-cp36-cp36m-win32.whl", hash = "sha256:620b37c3fea181dab09267cd5a84b0f23fa043beb8bc50d8474dd9694de1fa6e"},
    {file = "multidict-4.7.5-cp36-cp36m-win_amd64.whl", hash = "sha256:6e6fef114741c4d7ca46da8449038ec8b1e880bbe68674c01ceeb1ac8a648e78"},
    {file = "multidict-4.7.5-cp37-cp37m-macosx_10_13_x86_64.whl", hash = "sha256:a326f4240123a2ac66bb163eeba99578e9d63a8654a59f4688a79198f9aa10f8"},
    {file = "multidict-4.7.5-cp37-cp37m-manylinux1_x86_64.whl", hash = "sha256:dc561313279f9d05a3d0ffa89cd15ae477528ea37aa9795c4654588a3287a9ab"},
    {file = "multidict-4.7.5-cp37-cp37m-win32.whl", hash = "sha256:4b7df040fb5fe826d689204f9b544af469593fb3ff3a069a6ad3409f742f5928"},
    {file = "multidict-4.7.5-cp37-cp37m-win_amd64.whl", hash = "sha256:317f96bc0950d249e96d8d29ab556d01dd38888fbe68324f46fd834b430169f1"},
    {file = "multidict-4.7.5-cp38-cp38-macosx_10_13_x86_64.whl", hash = "sha256:b51249fdd2923739cd3efc95a3d6c363b67bbf779208e9f37fd5e68540d1a4d4"},
    {file = "multidict-4.7.5-cp38-cp38-manylinux1_x86_64.whl", hash = "sha256:ae402f43604e3b2bc41e8ea8b8526c7fa7139ed76b0d64fc48e28125925275b2"},
    {file = "multidict-4.7.5-cp38-cp38-win32.whl", hash = "sha256:bb519becc46275c594410c6c28a8a0adc66fe24fef154a9addea54c1adb006f5"},
    {file = "multidict-4.7.5-cp38-cp38-win_amd64.whl", hash = "sha256:544fae9261232a97102e27a926019100a9db75bec7b37feedd74b3aa82f29969"},
    {file = "multidict-4.7.5.tar.gz", hash = "sha256:aee283c49601fa4c13adc64c09c978838a7e812f85377ae130a24d7198c0331e"},
]
packaging = [
    {file = "packaging-20.3-py2.py3-none-any.whl", hash = "sha256:82f77b9bee21c1bafbf35a84905d604d5d1223801d639cf3ed140bd651c08752"},
    {file = "packaging-20.3.tar.gz", hash = "sha256:3c292b474fda1671ec57d46d739d072bfd495a4f51ad01a055121d81e952b7a3"},
]
pluggy = [
    {file = "pluggy-0.13.1-py2.py3-none-any.whl", hash = "sha256:966c145cd83c96502c3c3868f50408687b38434af77734af1e9ca461a4081d2d"},
    {file = "pluggy-0.13.1.tar.gz", hash = "sha256:15b2acde666561e1298d71b523007ed7364de07029219b604cf808bfa1c765b0"},
]
psycopg2-binary = [
    {file = "psycopg2-binary-2.8.4.tar.gz", hash = "sha256:3a2522b1d9178575acee4adf8fd9f979f9c0449b00b4164bb63c3475ea6528ed"},
    {file = "psycopg2_binary-2.8.4-cp27-cp27m-macosx_10_6_intel.macosx_10_9_intel.macosx_10_9_x86_64.macosx_10_10_intel.macosx_10_10_x86_64.whl", hash = "sha256:890167d5091279a27e2505ff0e1fb273f8c48c41d35c5b92adbf4af80e6b2ed6"},
    {file = "psycopg2_binary-2.8.4-cp27-cp27m-manylinux1_i686.whl", hash = "sha256:dbc5cd56fff1a6152ca59445178652756f4e509f672e49ccdf3d79c1043113a4"},
    {file = "psycopg2_binary-2.8.4-cp27-cp27m-manylinux1_x86_64.whl", hash = "sha256:7f42a8490c4fe854325504ce7a6e4796b207960dabb2cbafe3c3959cb00d1d7e"},
    {file = "psycopg2_binary-2.8.4-cp27-cp27m-win32.whl", hash = "sha256:8578d6b8192e4c805e85f187bc530d0f52ba86c39172e61cd51f68fddd648103"},
    {file = "psycopg2_binary-2.8.4-cp27-cp27m-win_amd64.whl", hash = "sha256:5dd90c5438b4f935c9d01fcbad3620253da89d19c1f5fca9158646407ed7df35"},
    {file = "psycopg2_binary-2.8.4-cp27-cp27mu-manylinux1_i686.whl", hash = "sha256:9aadff9032e967865f9778485571e93908d27dab21d0fdfdec0ca779bb6f8ad9"},
    {file = "psycopg2_binary-2.8.4-cp27-cp27mu-manylinux1_x86_64.whl", hash = "sha256:659c815b5b8e2a55193ede2795c1e2349b8011497310bb936da7d4745652823b"},
    {file = "psycopg2_binary-2.8.4-cp34-cp34m-manylinux1_i686.whl", hash = "sha256:2166e770cb98f02ed5ee2b0b569d40db26788e0bf2ec3ae1a0d864ea6f1d8309"},
    {file = "psycopg2_binary-2.8.4-cp34-cp34m-manylinux1_x86_64.whl", hash = "sha256:7e6e3c52e6732c219c07bd97fff6c088f8df4dae3b79752ee3a817e6f32e177e"},
    {file = "psycopg2_binary-2.8.4-cp34-cp34m-win32.whl", hash = "sha256:040234f8a4a8dfd692662a8308d78f63f31a97e1c42d2480e5e6810c48966a29"},
    {file = "psycopg2_binary-2.8.4-cp34-cp34m-win_amd64.whl", hash = "sha256:69b13fdf12878b10dc6003acc8d0abf3ad93e79813fd5f3812497c1c9fb9be49"},
    {file = "psycopg2_binary-2.8.4-cp35-cp35m-macosx_10_6_intel.macosx_10_9_intel.macosx_10_9_x86_64.macosx_10_10_intel.macosx_10_10_x86_64.whl", hash = "sha256:19dc39616850342a2a6db70559af55b22955f86667b5f652f40c0e99253d9881"},
    {file = "psycopg2_binary-2.8.4-cp35-cp35m-manylinux1_i686.whl", hash = "sha256:9f24f383a298a0c0f9b3113b982e21751a8ecde6615494a3f1470eb4a9d70e9e"},
    {file = "psycopg2_binary-2.8.4-cp35-cp35m-manylinux1_x86_64.whl", hash = "sha256:eaed1c65f461a959284649e37b5051224f4db6ebdc84e40b5e65f2986f101a08"},
    {file = "psycopg2_binary-2.8.4-cp35-cp35m-win32.whl", hash = "sha256:4c6717962247445b4f9e21c962ea61d2e884fc17df5ddf5e35863b016f8a1f03"},
    {file = "psycopg2_binary-2.8.4-cp35-cp35m-win_amd64.whl", hash = "sha256:84156313f258eafff716b2961644a4483a9be44a5d43551d554844d15d4d224e"},
    {file = "psycopg2_binary-2.8.4-cp36-cp36m-macosx_10_6_intel.macosx_10_9_intel.macosx_10_9_x86_64.macosx_10_10_intel.macosx_10_10_x86_64.whl", hash = "sha256:3b5deaa3ee7180585a296af33e14c9b18c218d148e735c7accf78130765a47e3"},
    {file = "psycopg2_binary-2.8.4-cp36-cp36m-manylinux1_i686.whl", hash = "sha256:5057669b6a66aa9ca118a2a860159f0ee3acf837eda937bdd2a64f3431361a2d"},
    {file = "psycopg2_binary-2.8.4-cp36-cp36m-manylinux1_x86_64.whl", hash = "sha256:afd96845e12638d2c44d213d4810a08f4dc4a563f9a98204b7428e567014b1cd"},
    {file = "psycopg2_binary-2.8.4-cp36-cp36m-win32.whl", hash = "sha256:a73021b44813b5c84eda4a3af5826dd72356a900bac9bd9dd1f0f81ee1c22c2f"},
    {file = "psycopg2_binary-2.8.4-cp36-cp36m-win_amd64.whl", hash = "sha256:407af6d7e46593415f216c7f56ba087a9a42bd6dc2ecb86028760aa45b802bd7"},
    {file = "psycopg2_binary-2.8.4-cp37-cp37m-macosx_10_6_intel.macosx_10_9_intel.macosx_10_9_x86_64.macosx_10_10_intel.macosx_10_10_x86_64.whl", hash = "sha256:3aa773580f85a28ffdf6f862e59cb5a3cc7ef6885121f2de3fca8d6ada4dbf3b"},
    {file = "psycopg2_binary-2.8.4-cp37-cp37m-manylinux1_i686.whl", hash = "sha256:eac8a3499754790187bb00574ab980df13e754777d346f85e0ff6df929bcd964"},
    {file = "psycopg2_binary-2.8.4-cp37-cp37m-manylinux1_x86_64.whl", hash = "sha256:7a1cb80e35e1ccea3e11a48afe65d38744a0e0bde88795cc56a4d05b6e4f9d70"},
    {file = "psycopg2_binary-2.8.4-cp37-cp37m-win32.whl", hash = "sha256:086f7e89ec85a6704db51f68f0dcae432eff9300809723a6e8782c41c2f48e03"},
    {file = "psycopg2_binary-2.8.4-cp37-cp37m-win_amd64.whl", hash = "sha256:b73ddf033d8cd4cc9dfed6324b1ad2a89ba52c410ef6877998422fcb9c23e3a8"},
    {file = "psycopg2_binary-2.8.4-cp38-cp38-macosx_10_9_x86_64.macosx_10_9_intel.macosx_10_10_intel.macosx_10_10_x86_64.whl", hash = "sha256:4c3c09fb674401f630626310bcaf6cd6285daf0d5e4c26d6e55ca26a2734e39b"},
    {file = "psycopg2_binary-2.8.4-cp38-cp38-manylinux1_i686.whl", hash = "sha256:18ca813fdb17bc1db73fe61b196b05dd1ca2165b884dd5ec5568877cabf9b039"},
    {file = "psycopg2_binary-2.8.4-cp38-cp38-manylinux1_x86_64.whl", hash = "sha256:50446fae5681fc99f87e505d4e77c9407e683ab60c555ec302f9ac9bffa61103"},
    {file = "psycopg2_binary-2.8.4-cp38-cp38-win32.whl", hash = "sha256:98e10634792ac0e9e7a92a76b4991b44c2325d3e7798270a808407355e7bb0a1"},
    {file = "psycopg2_binary-2.8.4-cp38-cp38-win_amd64.whl", hash = "sha256:b8f490f5fad1767a1331df1259763b3bad7d7af12a75b950c2843ba319b2415f"},
]
py = [
    {file = "py-1.8.1-py2.py3-none-any.whl", hash = "sha256:c20fdd83a5dbc0af9efd622bee9a5564e278f6380fffcacc43ba6f43db2813b0"},
    {file = "py-1.8.1.tar.gz", hash = "sha256:5e27081401262157467ad6e7f851b7aa402c5852dbcb3dae06768434de5752aa"},
]
pyparsing = [
    {file = "pyparsing-2.4.7-py2.py3-none-any.whl", hash = "sha256:ef9d7589ef3c200abe66653d3f1ab1033c3c419ae9b9bdb1240a85b024efc88b"},
    {file = "pyparsing-2.4.7.tar.gz", hash = "sha256:c203ec8783bf771a155b207279b9bccb8dea02d8f0c9e5f8ead507bc3246ecc1"},
]
pytest = [
    {file = "pytest-4.6.9-py2.py3-none-any.whl", hash = "sha256:c77a5f30a90e0ce24db9eaa14ddfd38d4afb5ea159309bdd2dae55b931bc9324"},
    {file = "pytest-4.6.9.tar.gz", hash = "sha256:19e8f75eac01dd3f211edd465b39efbcbdc8fc5f7866d7dd49fedb30d8adf339"},
]
pytz = [
    {file = "pytz-2019.3-py2.py3-none-any.whl", hash = "sha256:1c557d7d0e871de1f5ccd5833f60fb2550652da6be2693c1e02300743d21500d"},
    {file = "pytz-2019.3.tar.gz", hash = "sha256:b02c06db6cf09c12dd25137e563b31700d3b80fcc4ad23abb7a315f2789819be"},
]
requests = [
    {file = "requests-2.23.0-py2.py3-none-any.whl", hash = "sha256:43999036bfa82904b6af1d99e4882b560e5e2c68e5c4b0aa03b655f3d7d73fee"},
    {file = "requests-2.23.0.tar.gz", hash = "sha256:b3f43d496c6daba4493e7c431722aeb7dbc6288f52a6e04e7b6023b0247817e6"},
]
rules = [
    {file = "rules-2.2.tar.gz", hash = "sha256:9bae429f9d4f91a375402990da1541f9e093b0ac077221d57124d06eeeca4405"},
]
six = [
    {file = "six-1.14.0-py2.py3-none-any.whl", hash = "sha256:8f3cd2e254d8f793e7f3d6d9df77b92252b52637291d0f0da013c76ea2724b6c"},
    {file = "six-1.14.0.tar.gz", hash = "sha256:236bdbdce46e6e6a3d61a337c0f8b763ca1e8717c03b369e87a7ec7ce1319c0a"},
]
sqlparse = [
    {file = "sqlparse-0.3.1-py2.py3-none-any.whl", hash = "sha256:022fb9c87b524d1f7862b3037e541f68597a730a8843245c349fc93e1643dc4e"},
    {file = "sqlparse-0.3.1.tar.gz", hash = "sha256:e162203737712307dfe78860cc56c8da8a852ab2ee33750e33aeadf38d12c548"},
]
urllib3 = [
    {file = "urllib3-1.25.8-py2.py3-none-any.whl", hash = "sha256:2f3db8b19923a873b3e5256dc9c2dedfa883e33d87c690d9c7913e1f40673cdc"},
    {file = "urllib3-1.25.8.tar.gz", hash = "sha256:87716c2d2a7121198ebcb7ce7cccf6ce5e9ba539041cfbaeecfb641dc0bf6acc"},
]
wcwidth = [
    {file = "wcwidth-0.1.9-py2.py3-none-any.whl", hash = "sha256:cafe2186b3c009a04067022ce1dcd79cb38d8d65ee4f4791b8888d6599d1bbe1"},
    {file = "wcwidth-0.1.9.tar.gz", hash = "sha256:ee73862862a156bf77ff92b09034fc4825dd3af9cf81bc5b360668d425f3c5f1"},
]
websockets = [
    {file = "websockets-3.4-cp33-cp33m-manylinux1_i686.whl", hash = "sha256:e9c1cdbb591432c59d0b5ca64fd30b6d517024767f152fc169563b26e7bcc9da"},
    {file = "websockets-3.4-cp33-cp33m-manylinux1_x86_64.whl", hash = "sha256:85ae1e4b36aa2e90de56d211d2de36d7c093d00277a9afdd9b4f81e69c0214ab"},
    {file = "websockets-3.4-cp33-cp33m-win32.whl", hash = "sha256:2aa6d52264cecb08d39741e8fda49f5ac4872aef02617230c84d02e861f3cc5a"},
    {file = "websockets-3.4-cp33-cp33m-win_amd64.whl", hash = "sha256:8a29100079f5b91a72bcd25d35a7354db985d3babae42d00b9d629f9a0aaa8ac"},
    {file = "websockets-3.4-cp34-cp34m-macosx_10_6_intel.whl", hash = "sha256:de743ef26b002efceea7d7756e99e5d38bf5d4f27563b8d27df2a9a5cc57340a"},
    {file = "websockets-3.4-cp34-cp34m-manylinux1_i686.whl", hash = "sha256:aa42ecef3aed807e23218c264b1e82004cdd131a6698a10b57fc3d8af8f651fc"},
    {file = "websockets-3.4-cp34-cp34m-manylinux1_x86_64.whl", hash = "sha256:c4c5b5ce2d66cb0cf193c14bc9726adca095febef0f7b2c04e5e3fa3487a97a4"},
    {file = "websockets-3.4-cp34-cp34m-win32.whl", hash = "sha256:e1e568136ad5cb6768504be36d470a136b072acbf3ea882303aee6361be01941"},
    {file = "websockets-3.4-cp34-cp34m-win_amd64.whl", hash = "sha256:e8992f1db371f2a1c5af59e032d9dc7c1aa92f16241efcda695b7d955b4de0c2"},
    {file = "websockets-3.4-cp35-cp35m-macosx_10_6_intel.whl", hash = "sha256:3d38f76f71654268e5533b45df125ff208fee242a102d4b5ca958da5cf5fb345"},
    {file = "websockets-3.4-cp35-cp35m-manylinux1_i686.whl", hash = "sha256:4128212ab6f91afda03a0c697add261bdf6946b47928db83f07298ea2cd8d937"},
    {file = "websockets-3.4-cp35-cp35m-manylinux1_x86_64.whl", hash = "sha256:b19e7ede1ba80ee9de6f5b8ccd31beee25402e68bef7c13eeb0b8bc46bc4b7b7"},
    {file = "websockets-3.4-cp35-cp35m-win32.whl", hash = "sha256:7347af28fcc70eb45be409760c2a428f8199e7f73c04a621916c3c219ed7ad27"},
    {file = "websockets-3.4-cp35-cp35m-win_amd64.whl", hash = "sha256:2f5b7f3920f29609086fb0b63552bb1f86a04b8cbdcc0dbf3775cc90d489dfc8"},
    {file = "websockets-3.4-cp36-cp36m-macosx_10_6_intel.whl", hash = "sha256:4a932c17cb11c361c286c04842dc2385cc7157019bbba8b64808acbc89a95584"},
    {file = "websockets-3.4-cp36-cp36m-manylinux1_i686.whl", hash = "sha256:5ddc5fc121eb76771e990f071071d9530e27d20e8cfb804d9f5823de055837af"},
    {file = "websockets-3.4-cp36-cp36m-manylinux1_x86_64.whl", hash = "sha256:a7e7585c8e3c0f9277ad7d6ee6ccddc69649cd216255d5e255d68f90482aeefa"},
    {file = "websockets-3.4-cp36-cp36m-win32.whl", hash = "sha256:3fcc7dfb365e81ff8206f950c86d1e73accdf3be2f9110c0cb73be32d2e7a9a5"},
    {file = "websockets-3.4-cp36-cp36m-win_amd64.whl", hash = "sha256:09dfec40e9b73e8808c39ecdbc1733e33915a2b26b90c54566afc0af546a9ec3"},
    {file = "websockets-3.4.tar.gz", hash = "sha256:43e5b9f51dd0000a4c6f646e2ade0c886bd14a784ffac08b9e079bd17a63bcc5"},
]
zipp = [
    {file = "zipp-3.1.0-py3-none-any.whl", hash = "sha256:aa36550ff0c0b7ef7fa639055d797116ee891440eac1a56f378e2d3179e0320b"},
    {file = "zipp-3.1.0.tar.gz", hash = "sha256:c599e4d75c98f6798c509911d08a22e6c021d074469042177c8c86fb92eefd96"},
]
